
Microsoft Visual Studio Solution File, Format Version 12.00
# Visual Studio Version 17
VisualStudioVersion = 17.14.36408.4 d17.14
MinimumVisualStudioVersion = 10.0.40219.1
Project("{FAE04EC0-301F-11D3-BF4B-00C04F79EFBC}") = "Lab14", "Lab14\Lab14.csproj", "{FBB815D1-5DCC-49D9-A3F9-1328155210EE}"
EndProject
Global
	GlobalSection(SolutionConfigurationPlatforms) = preSolution
		Debug|Any CPU = Debug|Any CPU
		Release|Any CPU = Release|Any CPU
	EndGlobalSection
	GlobalSection(ProjectConfigurationPlatforms) = postSolution
		{FBB815D1-5DCC-49D9-A3F9-1328155210EE}.Debug|Any CPU.ActiveCfg = Debug|Any CPU
		{FBB815D1-5DCC-49D9-A3F9-1328155210EE}.Debug|Any CPU.Build.0 = Debug|Any CPU
		{FBB815D1-5DCC-49D9-A3F9-1328155210EE}.Release|Any CPU.ActiveCfg = Release|Any CPU
		{FBB815D1-5DCC-49D9-A3F9-1328155210EE}.Release|Any CPU.Build.0 = Release|Any CPU
	EndGlobalSection
	GlobalSection(SolutionProperties) = preSolution
		HideSolutionNode = FALSE
	EndGlobalSection
	GlobalSection(ExtensibilityGlobals) = postSolution
		SolutionGuid = {5A4B1C30-E2B9-4B34-A228-61C965FE72A0}
	EndGlobalSection
EndGlobal
