
Microsoft Visual Studio Solution File, Format Version 12.00
# Visual Studio Version 17
VisualStudioVersion = 17.14.36408.4 d17.14
MinimumVisualStudioVersion = 10.0.40219.1
Project("{FAE04EC0-301F-11D3-BF4B-00C04F79EFBC}") = "ControllerAndRoute", "ControllerAndRoute\ControllerAndRoute.csproj", "{488DA67E-AB74-4C56-8763-D44B84B7C185}"
EndProject
Global
	GlobalSection(SolutionConfigurationPlatforms) = preSolution
		Debug|Any CPU = Debug|Any CPU
		Release|Any CPU = Release|Any CPU
	EndGlobalSection
	GlobalSection(ProjectConfigurationPlatforms) = postSolution
		{488DA67E-AB74-4C56-8763-D44B84B7C185}.Debug|Any CPU.ActiveCfg = Debug|Any CPU
		{488DA67E-AB74-4C56-8763-D44B84B7C185}.Debug|Any CPU.Build.0 = Debug|Any CPU
		{488DA67E-AB74-4C56-8763-D44B84B7C185}.Release|Any CPU.ActiveCfg = Release|Any CPU
		{488DA67E-AB74-4C56-8763-D44B84B7C185}.Release|Any CPU.Build.0 = Release|Any CPU
	EndGlobalSection
	GlobalSection(SolutionProperties) = preSolution
		HideSolutionNode = FALSE
	EndGlobalSection
	GlobalSection(ExtensibilityGlobals) = postSolution
		SolutionGuid = {91D816A2-36DC-4A9E-A53A-80D4ADEF7F3D}
	EndGlobalSection
EndGlobal
